dependencies:
- name: mlflow
  repository: https://community-charts.github.io/helm-charts
  version: 1.8.1
- name: postgres
  repository: https://groundhog2k.github.io/helm-charts/
  version: 1.6.4
digest: sha256:6032260f1feca4623a05cd6d7eebd043ef04d550255ad6d615da32a136415a26
generated: "2026-06-21T06:56:44.741362695Z"
