dependencies:
- name: mlflow
  repository: https://community-charts.github.io/helm-charts
  version: 1.11.2
- name: postgres
  repository: https://groundhog2k.github.io/helm-charts/
  version: 1.6.3
digest: sha256:c656a5c0c0f855eff253083500c6b79c7cbcdfa21de2dc5bc939f4c8a9664633
generated: "2026-06-22T15:43:41.094834196Z"
